
Microsoft Visual Studio Solution File, Format Version 12.00
# Visual Studio Version 16
VisualStudioVersion = 16.0.30503.244
MinimumVisualStudioVersion = 10.0.40219.1
Project("{FAE04EC0-301F-11D3-BF4B-00C04F79EFBC}") = "Sibur.Android", "Sibur\Sibur.Android\Sibur.Android.csproj", "{9F186C75-D733-499D-8B15-1C18C53BF1F6}"
EndProject
Project("{FAE04EC0-301F-11D3-BF4B-00C04F79EFBC}") = "Sibur.iOS", "Sibur\Sibur.iOS\Sibur.iOS.csproj", "{834CA28A-56FC-4161-9EF4-88B581C044BB}"
EndProject
Project("{FAE04EC0-301F-11D3-BF4B-00C04F79EFBC}") = "Sibur", "Sibur\Sibur\Sibur.csproj", "{1E66DFA6-AB99-4354-8D57-AC64FA314EA5}"
EndProject
Global
	GlobalSection(SolutionConfigurationPlatforms) = preSolution
		Debug|Any CPU = Debug|Any CPU
		Debug|iPhone = Debug|iPhone
		Debug|iPhoneSimulator = Debug|iPhoneSimulator
		Release|Any CPU = Release|Any CPU
		Release|iPhone = Release|iPhone
		Release|iPhoneSimulator = Release|iPhoneSimulator
	EndGlobalSection
	GlobalSection(ProjectConfigurationPlatforms) = postSolution
		{9F186C75-D733-499D-8B15-1C18C53BF1F6}.Debug|Any CPU.ActiveCfg = Debug|Any CPU
		{9F186C75-D733-499D-8B15-1C18C53BF1F6}.Debug|Any CPU.Build.0 = Debug|Any CPU
		{9F186C75-D733-499D-8B15-1C18C53BF1F6}.Debug|Any CPU.Deploy.0 = Debug|Any CPU
		{9F186C75-D733-499D-8B15-1C18C53BF1F6}.Debug|iPhone.ActiveCfg = Debug|Any CPU
		{9F186C75-D733-499D-8B15-1C18C53BF1F6}.Debug|iPhone.Build.0 = Debug|Any CPU
		{9F186C75-D733-499D-8B15-1C18C53BF1F6}.Debug|iPhone.Deploy.0 = Debug|Any CPU
		{9F186C75-D733-499D-8B15-1C18C53BF1F6}.Debug|iPhoneSimulator.ActiveCfg = Debug|Any CPU
		{9F186C75-D733-499D-8B15-1C18C53BF1F6}.Debug|iPhoneSimulator.Build.0 = Debug|Any CPU
		{9F186C75-D733-499D-8B15-1C18C53BF1F6}.Debug|iPhoneSimulator.Deploy.0 = Debug|Any CPU
		{9F186C75-D733-499D-8B15-1C18C53BF1F6}.Release|Any CPU.ActiveCfg = Release|Any CPU
		{9F186C75-D733-499D-8B15-1C18C53BF1F6}.Release|Any CPU.Build.0 = Release|Any CPU
		{9F186C75-D733-499D-8B15-1C18C53BF1F6}.Release|Any CPU.Deploy.0 = Release|Any CPU
		{9F186C75-D733-499D-8B15-1C18C53BF1F6}.Release|iPhone.ActiveCfg = Release|Any CPU
		{9F186C75-D733-499D-8B15-1C18C53BF1F6}.Release|iPhone.Build.0 = Release|Any CPU
		{9F186C75-D733-499D-8B15-1C18C53BF1F6}.Release|iPhone.Deploy.0 = Release|Any CPU
		{9F186C75-D733-499D-8B15-1C18C53BF1F6}.Release|iPhoneSimulator.ActiveCfg = Release|Any CPU
		{9F186C75-D733-499D-8B15-1C18C53BF1F6}.Release|iPhoneSimulator.Build.0 = Release|Any CPU
		{9F186C75-D733-499D-8B15-1C18C53BF1F6}.Release|iPhoneSimulator.Deploy.0 = Release|Any CPU
		{834CA28A-56FC-4161-9EF4-88B581C044BB}.Debug|Any CPU.ActiveCfg = Debug|iPhone
		{834CA28A-56FC-4161-9EF4-88B581C044BB}.Debug|Any CPU.Build.0 = Debug|iPhone
		{834CA28A-56FC-4161-9EF4-88B581C044BB}.Debug|Any CPU.Deploy.0 = Debug|iPhone
		{834CA28A-56FC-4161-9EF4-88B581C044BB}.Debug|iPhone.ActiveCfg = Debug|iPhone
		{834CA28A-56FC-4161-9EF4-88B581C044BB}.Debug|iPhone.Build.0 = Debug|iPhone
		{834CA28A-56FC-4161-9EF4-88B581C044BB}.Debug|iPhone.Deploy.0 = Debug|iPhone
		{834CA28A-56FC-4161-9EF4-88B581C044BB}.Debug|iPhoneSimulator.ActiveCfg = Debug|iPhoneSimulator
		{834CA28A-56FC-4161-9EF4-88B581C044BB}.Debug|iPhoneSimulator.Build.0 = Debug|iPhoneSimulator
		{834CA28A-56FC-4161-9EF4-88B581C044BB}.Debug|iPhoneSimulator.Deploy.0 = Debug|iPhoneSimulator
		{834CA28A-56FC-4161-9EF4-88B581C044BB}.Release|Any CPU.ActiveCfg = Release|iPhoneSimulator
		{834CA28A-56FC-4161-9EF4-88B581C044BB}.Release|Any CPU.Build.0 = Release|iPhoneSimulator
		{834CA28A-56FC-4161-9EF4-88B581C044BB}.Release|Any CPU.Deploy.0 = Release|iPhoneSimulator
		{834CA28A-56FC-4161-9EF4-88B581C044BB}.Release|iPhone.ActiveCfg = Release|iPhone
		{834CA28A-56FC-4161-9EF4-88B581C044BB}.Release|iPhone.Build.0 = Release|iPhone
		{834CA28A-56FC-4161-9EF4-88B581C044BB}.Release|iPhone.Deploy.0 = Release|iPhone
		{834CA28A-56FC-4161-9EF4-88B581C044BB}.Release|iPhoneSimulator.ActiveCfg = Release|iPhoneSimulator
		{834CA28A-56FC-4161-9EF4-88B581C044BB}.Release|iPhoneSimulator.Build.0 = Release|iPhoneSimulator
		{834CA28A-56FC-4161-9EF4-88B581C044BB}.Release|iPhoneSimulator.Deploy.0 = Release|iPhoneSimulator
		{1E66DFA6-AB99-4354-8D57-AC64FA314EA5}.Debug|Any CPU.ActiveCfg = Debug|Any CPU
		{1E66DFA6-AB99-4354-8D57-AC64FA314EA5}.Debug|Any CPU.Build.0 = Debug|Any CPU
		{1E66DFA6-AB99-4354-8D57-AC64FA314EA5}.Debug|Any CPU.Deploy.0 = Debug|Any CPU
		{1E66DFA6-AB99-4354-8D57-AC64FA314EA5}.Debug|iPhone.ActiveCfg = Debug|Any CPU
		{1E66DFA6-AB99-4354-8D57-AC64FA314EA5}.Debug|iPhone.Build.0 = Debug|Any CPU
		{1E66DFA6-AB99-4354-8D57-AC64FA314EA5}.Debug|iPhone.Deploy.0 = Debug|Any CPU
		{1E66DFA6-AB99-4354-8D57-AC64FA314EA5}.Debug|iPhoneSimulator.ActiveCfg = Debug|Any CPU
		{1E66DFA6-AB99-4354-8D57-AC64FA314EA5}.Debug|iPhoneSimulator.Build.0 = Debug|Any CPU
		{1E66DFA6-AB99-4354-8D57-AC64FA314EA5}.Debug|iPhoneSimulator.Deploy.0 = Debug|Any CPU
		{1E66DFA6-AB99-4354-8D57-AC64FA314EA5}.Release|Any CPU.ActiveCfg = Release|Any CPU
		{1E66DFA6-AB99-4354-8D57-AC64FA314EA5}.Release|Any CPU.Build.0 = Release|Any CPU
		{1E66DFA6-AB99-4354-8D57-AC64FA314EA5}.Release|Any CPU.Deploy.0 = Release|Any CPU
		{1E66DFA6-AB99-4354-8D57-AC64FA314EA5}.Release|iPhone.ActiveCfg = Release|Any CPU
		{1E66DFA6-AB99-4354-8D57-AC64FA314EA5}.Release|iPhone.Build.0 = Release|Any CPU
		{1E66DFA6-AB99-4354-8D57-AC64FA314EA5}.Release|iPhone.Deploy.0 = Release|Any CPU
		{1E66DFA6-AB99-4354-8D57-AC64FA314EA5}.Release|iPhoneSimulator.ActiveCfg = Release|Any CPU
		{1E66DFA6-AB99-4354-8D57-AC64FA314EA5}.Release|iPhoneSimulator.Build.0 = Release|Any CPU
		{1E66DFA6-AB99-4354-8D57-AC64FA314EA5}.Release|iPhoneSimulator.Deploy.0 = Release|Any CPU
	EndGlobalSection
	GlobalSection(SolutionProperties) = preSolution
		HideSolutionNode = FALSE
	EndGlobalSection
	GlobalSection(ExtensibilityGlobals) = postSolution
		SolutionGuid = {D9C7E443-2435-4ECA-9A40-3291828FA531}
	EndGlobalSection
EndGlobal
